// !$*UTF8*$!
{
	archiveVersion = 1;
	classes = {
	};
	objectVersion = 50;
	objects = {

/* Begin PBXBuildFile section */
		67E764F624232925008BF830 /* AppDelegate.swift in Sources */ = {isa = PBXBuildFile; fileRef = 67E764F524232925008BF830 /* AppDelegate.swift */; };
		67E764F824232925008BF830 /* SceneDelegate.swift in Sources */ = {isa = PBXBuildFile; fileRef = 67E764F724232925008BF830 /* SceneDelegate.swift */; };
		67E764FB24232925008BF830 /* toCheck.xcdatamodeld in Sources */ = {isa = PBXBuildFile; fileRef = 67E764F924232925008BF830 /* toCheck.xcdatamodeld */; };
		67E764FD24232925008BF830 /* ContentView.swift in Sources */ = {isa = PBXBuildFile; fileRef = 67E764FC24232925008BF830 /* ContentView.swift */; };
		67E764FF24232926008BF830 /* Assets.xcassets in Resources */ = {isa = PBXBuildFile; fileRef = 67E764FE24232926008BF830 /* Assets.xcassets */; };
		67E7650224232926008BF830 /* Preview Assets.xcassets in Resources */ = {isa = PBXBuildFile; fileRef = 67E7650124232926008BF830 /* Preview Assets.xcassets */; };
		67E7650524232926008BF830 /* LaunchScreen.storyboard in Resources */ = {isa = PBXBuildFile; fileRef = 67E7650324232926008BF830 /* LaunchScreen.storyboard */; };
/* End PBXBuildFile section */

/* Begin PBXFileReference section */
		67E764F224232925008BF830 /* toCheck.app */ = {isa = PBXFileReference; explicitFileType = wrapper.application; includeInIndex = 0; path = toCheck.app; sourceTree = BUILT_PRODUCTS_DIR; };
		67E764F524232925008BF830 /* AppDelegate.swift */ = {isa = PBXFileReference; lastKnownFileType = sourcecode.swift; path = AppDelegate.swift; sourceTree = "<group>"; };
		67E764F724232925008BF830 /* SceneDelegate.swift */ = {isa = PBXFileReference; lastKnownFileType = sourcecode.swift; path = SceneDelegate.swift; sourceTree = "<group>"; };
		67E764FA24232925008BF830 /* toCheck.xcdatamodel */ = {isa = PBXFileReference; lastKnownFileType = wrapper.xcdatamodel; path = toCheck.xcdatamodel; sourceTree = "<group>"; };
		67E764FC24232925008BF830 /* ContentView.swift */ = {isa = PBXFileReference; lastKnownFileType = sourcecode.swift; path = ContentView.swift; sourceTree = "<group>"; };
		67E764FE24232926008BF830 /* Assets.xcassets */ = {isa = PBXFileReference; lastKnownFileType = folder.assetcatalog; path = Assets.xcassets; sourceTree = "<group>"; };
		67E7650124232926008BF830 /* Preview Assets.xcassets */ = {isa = PBXFileReference; lastKnownFileType = folder.assetcatalog; path = "Preview Assets.xcassets"; sourceTree = "<group>"; };
		67E7650424232926008BF830 /* Base */ = {isa = PBXFileReference; lastKnownFileType = file.storyboard; name = Base; path = Base.lproj/LaunchScreen.storyboard; sourceTree = "<group>"; };
		67E7650624232926008BF830 /* Info.plist */ = {isa = PBXFileReference; lastKnownFileType = text.plist.xml; path = Info.plist; sourceTree = "<group>"; };
/* End PBXFileReference section */

/* Begin PBXFrameworksBuildPhase section */
		67E764EF24232925008BF830 /* Frameworks */ = {
			isa = PBXFrameworksBuildPhase;
			buildActionMask = 2147483647;
			files = (
			);
			runOnlyForDeploymentPostprocessing = 0;
		};
/* End PBXFrameworksBuildPhase section */

/* Begin PBXGroup section */
		67E764E924232925008BF830 = {
			isa = PBXGroup;
			children = (
				67E764F424232925008BF830 /* toCheck */,
				67E764F324232925008BF830 /* Products */,
			);
			sourceTree = "<group>";
		};
		67E764F324232925008BF830 /* Products */ = {
			isa = PBXGroup;
			children = (
				67E764F224232925008BF830 /* toCheck.app */,
			);
			name = Products;
			sourceTree = "<group>";
		};
		67E764F424232925008BF830 /* toCheck */ = {
			isa = PBXGroup;
			children = (
				67E764F524232925008BF830 /* AppDelegate.swift */,
				67E764F724232925008BF830 /* SceneDelegate.swift */,
				67E764FC24232925008BF830 /* ContentView.swift */,
				67E764FE24232926008BF830 /* Assets.xcassets */,
				67E7650324232926008BF830 /* LaunchScreen.storyboard */,
				67E7650624232926008BF830 /* Info.plist */,
				67E764F924232925008BF830 /* toCheck.xcdatamodeld */,
				67E7650024232926008BF830 /* Preview Content */,
			);
			path = toCheck;
			sourceTree = "<group>";
		};
		67E7650024232926008BF830 /* Preview Content */ = {
			isa = PBXGroup;
			children = (
				67E7650124232926008BF830 /* Preview Assets.xcassets */,
			);
			path = "Preview Content";
			sourceTree = "<group>";
		};
/* End PBXGroup section */

/* Begin PBXNativeTarget section */
		67E764F124232925008BF830 /* toCheck */ = {
			isa = PBXNativeTarget;
			buildConfigurationList = 67E7650924232926008BF830 /* Build configuration list for PBXNativeTarget "toCheck" */;
			buildPhases = (
				67E764EE24232925008BF830 /* Sources */,
				67E764EF24232925008BF830 /* Frameworks */,
				67E764F024232925008BF830 /* Resources */,
			);
			buildRules = (
			);
			dependencies = (
			);
			name = toCheck;
			productName = toCheck;
			productReference = 67E764F224232925008BF830 /* toCheck.app */;
			productType = "com.apple.product-type.application";
		};
/* End PBXNativeTarget section */

/* Begin PBXProject section */
		67E764EA24232925008BF830 /* Project object */ = {
			isa = PBXProject;
			attributes = {
				LastSwiftUpdateCheck = 1110;
				LastUpgradeCheck = 1110;
				ORGANIZATIONNAME = Navemics;
				TargetAttributes = {
					67E764F124232925008BF830 = {
						CreatedOnToolsVersion = 11.1;
					};
				};
			};
			buildConfigurationList = 67E764ED24232925008BF830 /* Build configuration list for PBXProject "toCheck" */;
			compatibilityVersion = "Xcode 9.3";
			developmentRegion = en;
			hasScannedForEncodings = 0;
			knownRegions = (
				en,
				Base,
			);
			mainGroup = 67E764E924232925008BF830;
			productRefGroup = 67E764F324232925008BF830 /* Products */;
			projectDirPath = "";
			projectRoot = "";
			targets = (
				67E764F124232925008BF830 /* toCheck */,
			);
		};
/* End PBXProject section */

/* Begin PBXResourcesBuildPhase section */
		67E764F024232925008BF830 /* Resources */ = {
			isa = PBXResourcesBuildPhase;
			buildActionMask = 2147483647;
			files = (
				67E7650524232926008BF830 /* LaunchScreen.storyboard in Resources */,
				67E7650224232926008BF830 /* Preview Assets.xcassets in Resources */,
				67E764FF24232926008BF830 /* Assets.xcassets in Resources */,
			);
			runOnlyForDeploymentPostprocessing = 0;
		};
/* End PBXResourcesBuildPhase section */

/* Begin PBXSourcesBuildPhase section */
		67E764EE24232925008BF830 /* Sources */ = {
			isa = PBXSourcesBuildPhase;
			buildActionMask = 2147483647;
			files = (
				67E764F624232925008BF830 /* AppDelegate.swift in Sources */,
				67E764F824232925008BF830 /* SceneDelegate.swift in Sources */,
				67E764FD24232925008BF830 /* ContentView.swift in Sources */,
				67E764FB24232925008BF830 /* toCheck.xcdatamodeld in Sources */,
			);
			runOnlyForDeploymentPostprocessing = 0;
		};
/* End PBXSourcesBuildPhase section */

/* Begin PBXVariantGroup section */
		67E7650324232926008BF830 /* LaunchScreen.storyboard */ = {
			isa = PBXVariantGroup;
			children = (
				67E7650424232926008BF830 /* Base */,
			);
			name = LaunchScreen.storyboard;
			sourceTree = "<group>";
		};
/* End PBXVariantGroup section */

/* Begin XCBuildConfiguration section */
		67E7650724232926008BF830 /* Debug */ = {
			isa = XCBuildConfiguration;
			buildSettings = {
				ALWAYS_SEARCH_USER_PATHS = NO;
				CLANG_ANALYZER_NONNULL = YES;
				CLANG_ANALYZER_NUMBER_OBJECT_CONVERSION = YES_AGGRESSIVE;
				CLANG_CXX_LANGUAGE_STANDARD = "gnu++14";
				CLANG_CXX_LIBRARY = "libc++";
				CLANG_ENABLE_MODULES = YES;
				CLANG_ENABLE_OBJC_ARC = YES;
				CLANG_ENABLE_OBJC_WEAK = YES;
				CLANG_WARN_BLOCK_CAPTURE_AUTORELEASING = YES;
				CLANG_WARN_BOOL_CONVERSION = YES;
				CLANG_WARN_COMMA = YES;
				CLANG_WARN_CONSTANT_CONVERSION = YES;
				CLANG_WARN_DEPRECATED_OBJC_IMPLEMENTATIONS = YES;
				CLANG_WARN_DIRECT_OBJC_ISA_USAGE = YES_ERROR;
				CLANG_WARN_DOCUMENTATION_COMMENTS = YES;
				CLANG_WARN_EMPTY_BODY = YES;
				CLANG_WARN_ENUM_CONVERSION = YES;
				CLANG_WARN_INFINITE_RECURSION = YES;
				CLANG_WARN_INT_CONVERSION = YES;
				CLANG_WARN_NON_LITERAL_NULL_CONVERSION = YES;
				CLANG_WARN_OBJC_IMPLICIT_RETAIN_SELF = YES;
				CLANG_WARN_OBJC_LITERAL_CONVERSION = YES;
				CLANG_WARN_OBJC_ROOT_CLASS = YES_ERROR;
				CLANG_WARN_RANGE_LOOP_ANALYSIS = YES;
				CLANG_WARN_STRICT_PROTOTYPES = YES;
				CLANG_WARN_SUSPICIOUS_MOVE = YES;
				CLANG_WARN_UNGUARDED_AVAILABILITY = YES_AGGRESSIVE;
				CLANG_WARN_UNREACHABLE_CODE = YES;
				CLANG_WARN__DUPLICATE_METHOD_MATCH = YES;
				COPY_PHASE_STRIP = NO;
				DEBUG_INFORMATION_FORMAT = dwarf;
				ENABLE_STRICT_OBJC_MSGSEND = YES;
				ENABLE_TESTABILITY = YES;
				GCC_C_LANGUAGE_STANDARD = gnu11;
				GCC_DYNAMIC_NO_PIC = NO;
				GCC_NO_COMMON_BLOCKS = YES;
				GCC_OPTIMIZATION_LEVEL = 0;
				GCC_PREPROCESSOR_DEFINITIONS = (
					"DEBUG=1",
					"$(inherited)",
				);
				GCC_WARN_64_TO_32_BIT_CONVERSION = YES;
				GCC_WARN_ABOUT_RETURN_TYPE = YES_ERROR;
				GCC_WARN_UNDECLARED_SELECTOR = YES;
				GCC_WARN_UNINITIALIZED_AUTOS = YES_AGGRESSIVE;
				GCC_WARN_UNUSED_FUNCTION = YES;
				GCC_WARN_UNUSED_VARIABLE = YES;
				IPHONEOS_DEPLOYMENT_TARGET = 13.1;
				MTL_ENABLE_DEBUG_INFO = INCLUDE_SOURCE;
				MTL_FAST_MATH = YES;
				ONLY_ACTIVE_ARCH = YES;
				SDKROOT = iphoneos;
				SWIFT_ACTIVE_COMPILATION_CONDITIONS = DEBUG;
				SWIFT_OPTIMIZATION_LEVEL = "-Onone";
			};
			name = Debug;
		};
		67E7650824232926008BF830 /* Release */ = {
			isa = XCBuildConfiguration;
			buildSettings = {
				ALWAYS_SEARCH_USER_PATHS = NO;
				CLANG_ANALYZER_NONNULL = YES;
				CLANG_ANALYZER_NUMBER_OBJECT_CONVERSION = YES_AGGRESSIVE;
				CLANG_CXX_LANGUAGE_STANDARD = "gnu++14";
				CLANG_CXX_LIBRARY = "libc++";
				CLANG_ENABLE_MODULES = YES;
				CLANG_ENABLE_OBJC_ARC = YES;
				CLANG_ENABLE_OBJC_WEAK = YES;
				CLANG_WARN_BLOCK_CAPTURE_AUTORELEASING = YES;
				CLANG_WARN_BOOL_CONVERSION = YES;
				CLANG_WARN_COMMA = YES;
				CLANG_WARN_CONSTANT_CONVERSION = YES;
				CLANG_WARN_DEPRECATED_OBJC_IMPLEMENTATIONS = YES;
				CLANG_WARN_DIRECT_OBJC_ISA_USAGE = YES_ERROR;
				CLANG_WARN_DOCUMENTATION_COMMENTS = YES;
				CLANG_WARN_EMPTY_BODY = YES;
				CLANG_WARN_ENUM_CONVERSION = YES;
				CLANG_WARN_INFINITE_RECURSION = YES;
				CLANG_WARN_INT_CONVERSION = YES;
				CLANG_WARN_NON_LITERAL_NULL_CONVERSION = YES;
				CLANG_WARN_OBJC_IMPLICIT_RETAIN_SELF = YES;
				CLANG_WARN_OBJC_LITERAL_CONVERSION = YES;
				CLANG_WARN_OBJC_ROOT_CLASS = YES_ERROR;
				CLANG_WARN_RANGE_LOOP_ANALYSIS = YES;
				CLANG_WARN_STRICT_PROTOTYPES = YES;
				CLANG_WARN_SUSPICIOUS_MOVE = YES;
				CLANG_WARN_UNGUARDED_AVAILABILITY = YES_AGGRESSIVE;
				CLANG_WARN_UNREACHABLE_CODE = YES;
				CLANG_WARN__DUPLICATE_METHOD_MATCH = YES;
				COPY_PHASE_STRIP = NO;
				DEBUG_INFORMATION_FORMAT = "dwarf-with-dsym";
				ENABLE_NS_ASSERTIONS = NO;
				ENABLE_STRICT_OBJC_MSGSEND = YES;
				GCC_C_LANGUAGE_STANDARD = gnu11;
				GCC_NO_COMMON_BLOCKS = YES;
				GCC_WARN_64_TO_32_BIT_CONVERSION = YES;
				GCC_WARN_ABOUT_RETURN_TYPE = YES_ERROR;
				GCC_WARN_UNDECLARED_SELECTOR = YES;
				GCC_WARN_UNINITIALIZED_AUTOS = YES_AGGRESSIVE;
				GCC_WARN_UNUSED_FUNCTION = YES;
				GCC_WARN_UNUSED_VARIABLE = YES;
				IPHONEOS_DEPLOYMENT_TARGET = 13.1;
				MTL_ENABLE_DEBUG_INFO = NO;
				MTL_FAST_MATH = YES;
				SDKROOT = iphoneos;
				SWIFT_COMPILATION_MODE = wholemodule;
				SWIFT_OPTIMIZATION_LEVEL = "-O";
				VALIDATE_PRODUCT = YES;
			};
			name = Release;
		};
		67E7650A24232926008BF830 /* Debug */ = {
			isa = XCBuildConfiguration;
			buildSettings = {
				ASSETCATALOG_COMPILER_APPICON_NAME = AppIcon;
				CODE_SIGN_STYLE = Automatic;
				DEVELOPMENT_ASSET_PATHS = "\"toCheck/Preview Content\"";
				DEVELOPMENT_TEAM = F59A6ZU5Y6;
				ENABLE_PREVIEWS = YES;
				INFOPLIST_FILE = toCheck/Info.plist;
				LD_RUNPATH_SEARCH_PATHS = (
					"$(inherited)",
					"@executable_path/Frameworks",
				);
				PRODUCT_BUNDLE_IDENTIFIER = loveletters.toCheck;
				PRODUCT_NAME = "$(TARGET_NAME)";
				SWIFT_VERSION = 5.0;
				TARGETED_DEVICE_FAMILY = "1,2";
			};
			name = Debug;
		};
		67E7650B24232926008BF830 /* Release */ = {
			isa = XCBuildConfiguration;
			buildSettings = {
				ASSETCATALOG_COMPILER_APPICON_NAME = AppIcon;
				CODE_SIGN_STYLE = Automatic;
				DEVELOPMENT_ASSET_PATHS = "\"toCheck/Preview Content\"";
				DEVELOPMENT_TEAM = F59A6ZU5Y6;
				ENABLE_PREVIEWS = YES;
				INFOPLIST_FILE = toCheck/Info.plist;
				LD_RUNPATH_SEARCH_PATHS = (
					"$(inherited)",
					"@executable_path/Frameworks",
				);
				PRODUCT_BUNDLE_IDENTIFIER = loveletters.toCheck;
				PRODUCT_NAME = "$(TARGET_NAME)";
				SWIFT_VERSION = 5.0;
				TARGETED_DEVICE_FAMILY = "1,2";
			};
			name = Release;
		};
/* End XCBuildConfiguration section */

/* Begin XCConfigurationList section */
		67E764ED24232925008BF830 /* Build configuration list for PBXProject "toCheck" */ = {
			isa = XCConfigurationList;
			buildConfigurations = (
				67E7650724232926008BF830 /* Debug */,
				67E7650824232926008BF830 /* Release */,
			);
			defaultConfigurationIsVisible = 0;
			defaultConfigurationName = Release;
		};
		67E7650924232926008BF830 /* Build configuration list for PBXNativeTarget "toCheck" */ = {
			isa = XCConfigurationList;
			buildConfigurations = (
				67E7650A24232926008BF830 /* Debug */,
				67E7650B24232926008BF830 /* Release */,
			);
			defaultConfigurationIsVisible = 0;
			defaultConfigurationName = Release;
		};
/* End XCConfigurationList section */

/* Begin XCVersionGroup section */
		67E764F924232925008BF830 /* toCheck.xcdatamodeld */ = {
			isa = XCVersionGroup;
			children = (
				67E764FA24232925008BF830 /* toCheck.xcdatamodel */,
			);
			currentVersion = 67E764FA24232925008BF830 /* toCheck.xcdatamodel */;
			path = toCheck.xcdatamodeld;
			sourceTree = "<group>";
			versionGroupType = wrapper.xcdatamodel;
		};
/* End XCVersionGroup section */
	};
	rootObject = 67E764EA24232925008BF830 /* Project object */;
}
